
Microsoft Visual Studio Solution File, Format Version 12.00
# Visual Studio Version 17
VisualStudioVersion = 17.3.32929.385
MinimumVisualStudioVersion = 10.0.40219.1
Project("{9A19103F-16F7-4668-BE54-9A1E7A4F7556}") = "EasyLabs", "EasyLabs\EasyLabs.csproj", "{92D3020B-B4F2-4C70-BFC9-811BD10B271D}"
EndProject
Project("{00D1A9C2-B5F0-4AF3-8072-F6C62B433612}") = "EzLabDB", "EzLabDB\EzLabDB.sqlproj", "{7BB11099-7A72-4291-8C6B-E226E7EEBB73}"
EndProject
Project("{FAE04EC0-301F-11D3-BF4B-00C04F79EFBC}") = "DataLibrary", "DataLibrary\DataLibrary.csproj", "{EC88F4F3-FE89-4DD2-8716-1E93065853C0}"
EndProject
Global
	GlobalSection(SolutionConfigurationPlatforms) = preSolution
		Debug|Any CPU = Debug|Any CPU
		Release|Any CPU = Release|Any CPU
	EndGlobalSection
	GlobalSection(ProjectConfigurationPlatforms) = postSolution
		{92D3020B-B4F2-4C70-BFC9-811BD10B271D}.Debug|Any CPU.ActiveCfg = Debug|Any CPU
		{92D3020B-B4F2-4C70-BFC9-811BD10B271D}.Debug|Any CPU.Build.0 = Debug|Any CPU
		{92D3020B-B4F2-4C70-BFC9-811BD10B271D}.Release|Any CPU.ActiveCfg = Release|Any CPU
		{92D3020B-B4F2-4C70-BFC9-811BD10B271D}.Release|Any CPU.Build.0 = Release|Any CPU
		{7BB11099-7A72-4291-8C6B-E226E7EEBB73}.Debug|Any CPU.ActiveCfg = Debug|Any CPU
		{7BB11099-7A72-4291-8C6B-E226E7EEBB73}.Debug|Any CPU.Build.0 = Debug|Any CPU
		{7BB11099-7A72-4291-8C6B-E226E7EEBB73}.Debug|Any CPU.Deploy.0 = Debug|Any CPU
		{7BB11099-7A72-4291-8C6B-E226E7EEBB73}.Release|Any CPU.ActiveCfg = Release|Any CPU
		{7BB11099-7A72-4291-8C6B-E226E7EEBB73}.Release|Any CPU.Build.0 = Release|Any CPU
		{7BB11099-7A72-4291-8C6B-E226E7EEBB73}.Release|Any CPU.Deploy.0 = Release|Any CPU
		{EC88F4F3-FE89-4DD2-8716-1E93065853C0}.Debug|Any CPU.ActiveCfg = Debug|Any CPU
		{EC88F4F3-FE89-4DD2-8716-1E93065853C0}.Debug|Any CPU.Build.0 = Debug|Any CPU
		{EC88F4F3-FE89-4DD2-8716-1E93065853C0}.Release|Any CPU.ActiveCfg = Release|Any CPU
		{EC88F4F3-FE89-4DD2-8716-1E93065853C0}.Release|Any CPU.Build.0 = Release|Any CPU
	EndGlobalSection
	GlobalSection(SolutionProperties) = preSolution
		HideSolutionNode = FALSE
	EndGlobalSection
	GlobalSection(ExtensibilityGlobals) = postSolution
		SolutionGuid = {21817593-A145-4590-BC9B-F7D5A8F11D2A}
	EndGlobalSection
EndGlobal
